{
    "_meta": {
        "hash": {
            "sha256": "d8e1e9d0ee53da1afdfecb1597b5d4fcc5acf8389dd3bb73491b3f53dddbe557"
        },
        "pipfile-spec": 6,
        "requires": {
            "python_version": "3.11"
        },
        "sources": [
            {
                "name": "pip_conf_index_global",
                "url": "https://mirrors.aliyun.com/pypi/simple",
                "verify_ssl": true
            }
        ]
    },
    "default": {},
    "develop": {}
}
